
Microsoft Visual Studio Solution File, Format Version 12.00
# Visual Studio Version 16
VisualStudioVersion = 16.0.31005.135
MinimumVisualStudioVersion = 10.0.40219.1
Project("{FAE04EC0-301F-11D3-BF4B-00C04F79EFBC}") = "SimpleBST", "SimpleBST\SimpleBST.csproj", "{DF19C647-BE1E-40A7-B881-CF8907EA618D}"
EndProject
Global
	GlobalSection(SolutionConfigurationPlatforms) = preSolution
		Debug|Any CPU = Debug|Any CPU
		Release|Any CPU = Release|Any CPU
	EndGlobalSection
	GlobalSection(ProjectConfigurationPlatforms) = postSolution
		{DF19C647-BE1E-40A7-B881-CF8907EA618D}.Debug|Any CPU.ActiveCfg = Debug|Any CPU
		{DF19C647-BE1E-40A7-B881-CF8907EA618D}.Debug|Any CPU.Build.0 = Debug|Any CPU
		{DF19C647-BE1E-40A7-B881-CF8907EA618D}.Release|Any CPU.ActiveCfg = Release|Any CPU
		{DF19C647-BE1E-40A7-B881-CF8907EA618D}.Release|Any CPU.Build.0 = Release|Any CPU
	EndGlobalSection
	GlobalSection(SolutionProperties) = preSolution
		HideSolutionNode = FALSE
	EndGlobalSection
	GlobalSection(ExtensibilityGlobals) = postSolution
		SolutionGuid = {134CB625-D658-473E-A945-8877407CE2FD}
	EndGlobalSection
EndGlobal
